// !$*UTF8*$!
{
	archiveVersion = 1;
	classes = {
	};
	objectVersion = 46;
	objects = {

/* Begin PBXBuildFile section */
		703E384A1899746DF5F5E18B /* Pods_Squar3.framework in Frameworks */ = {isa = PBXBuildFile; fileRef = 9EBA5BAA20A40633C7D03205 /* Pods_Squar3.framework */; settings = {ATTRIBUTES = (Required, ); }; };
		D5197E011F05AFD900B22ECC /* DummyLaunchScreen.swift in Sources */ = {isa = PBXBuildFile; fileRef = D5197E001F05AFD900B22ECC /* DummyLaunchScreen.swift */; };
		D56ADC641F02100B00807D1F /* AppDelegate.swift in Sources */ = {isa = PBXBuildFile; fileRef = D56ADC631F02100B00807D1F /* AppDelegate.swift */; };
		D56ADC791F02100C00807D1F /* Squar3Tests.swift in Sources */ = {isa = PBXBuildFile; fileRef = D56ADC781F02100C00807D1F /* Squar3Tests.swift */; };
		D56ADC891F02107A00807D1F /* LaunchScreen.storyboard in Resources */ = {isa = PBXBuildFile; fileRef = D56ADC851F02107A00807D1F /* LaunchScreen.storyboard */; };
		D56ADC8A1F02107A00807D1F /* Main.storyboard in Resources */ = {isa = PBXBuildFile; fileRef = D56ADC871F02107A00807D1F /* Main.storyboard */; };
		D56ADC8C1F02109F00807D1F /* Info.plist in Resources */ = {isa = PBXBuildFile; fileRef = D56ADC8B1F02109F00807D1F /* Info.plist */; };
		D56ADC8E1F0210A300807D1F /* GoogleService-Info.plist in Resources */ = {isa = PBXBuildFile; fileRef = D56ADC8D1F0210A300807D1F /* GoogleService-Info.plist */; };
		D56ADC901F0210A700807D1F /* BioViewController.swift in Sources */ = {isa = PBXBuildFile; fileRef = D56ADC8F1F0210A700807D1F /* BioViewController.swift */; };
		D56ADC921F0210AB00807D1F /* Constants.swift in Sources */ = {isa = PBXBuildFile; fileRef = D56ADC911F0210AB00807D1F /* Constants.swift */; };
		D56ADC941F0210B000807D1F /* LoginScreenViewController.swift in Sources */ = {isa = PBXBuildFile; fileRef = D56ADC931F0210B000807D1F /* LoginScreenViewController.swift */; };
		D56ADC961F0210B500807D1F /* SignUpViewController.swift in Sources */ = {isa = PBXBuildFile; fileRef = D56ADC951F0210B500807D1F /* SignUpViewController.swift */; };
		D56ADC981F02110000807D1F /* ViewController.swift in Sources */ = {isa = PBXBuildFile; fileRef = D56ADC971F02110000807D1F /* ViewController.swift */; };
		D5839BB61F0454900013BEDE /* Icon-App-20x20@1x.png in Resources */ = {isa = PBXBuildFile; fileRef = D5839BA01F0454900013BEDE /* Icon-App-20x20@1x.png */; };
		D5839BB71F0454900013BEDE /* Icon-App-20x20@2x.png in Resources */ = {isa = PBXBuildFile; fileRef = D5839BA11F0454900013BEDE /* Icon-App-20x20@2x.png */; };
		D5839BB81F0454900013BEDE /* Icon-App-20x20@3x.png in Resources */ = {isa = PBXBuildFile; fileRef = D5839BA21F0454900013BEDE /* Icon-App-20x20@3x.png */; };
		D5839BB91F0454900013BEDE /* Icon-App-29x29@1x.png in Resources */ = {isa = PBXBuildFile; fileRef = D5839BA31F0454900013BEDE /* Icon-App-29x29@1x.png */; };
		D5839BBA1F0454900013BEDE /* Icon-App-29x29@2x.png in Resources */ = {isa = PBXBuildFile; fileRef = D5839BA41F0454900013BEDE /* Icon-App-29x29@2x.png */; };
		D5839BBB1F0454900013BEDE /* Icon-App-29x29@3x.png in Resources */ = {isa = PBXBuildFile; fileRef = D5839BA51F0454900013BEDE /* Icon-App-29x29@3x.png */; };
		D5839BBC1F0454900013BEDE /* Icon-App-40x40@1x.png in Resources */ = {isa = PBXBuildFile; fileRef = D5839BA61F0454900013BEDE /* Icon-App-40x40@1x.png */; };
		D5839BBD1F0454900013BEDE /* Icon-App-40x40@2x.png in Resources */ = {isa = PBXBuildFile; fileRef = D5839BA71F0454900013BEDE /* Icon-App-40x40@2x.png */; };
		D5839BBE1F0454900013BEDE /* Icon-App-40x40@3x.png in Resources */ = {isa = PBXBuildFile; fileRef = D5839BA81F0454900013BEDE /* Icon-App-40x40@3x.png */; };
		D5839BBF1F0454900013BEDE /* Icon-App-57x57@1x.png in Resources */ = {isa = PBXBuildFile; fileRef = D5839BA91F0454900013BEDE /* Icon-App-57x57@1x.png */; };
		D5839BC01F0454900013BEDE /* Icon-App-57x57@2x.png in Resources */ = {isa = PBXBuildFile; fileRef = D5839BAA1F0454900013BEDE /* Icon-App-57x57@2x.png */; };
		D5839BC11F0454900013BEDE /* Icon-App-60x60@1x.png in Resources */ = {isa = PBXBuildFile; fileRef = D5839BAB1F0454900013BEDE /* Icon-App-60x60@1x.png */; };
		D5839BC21F0454900013BEDE /* Icon-App-60x60@2x.png in Resources */ = {isa = PBXBuildFile; fileRef = D5839BAC1F0454900013BEDE /* Icon-App-60x60@2x.png */; };
		D5839BC31F0454900013BEDE /* Icon-App-60x60@3x.png in Resources */ = {isa = PBXBuildFile; fileRef = D5839BAD1F0454900013BEDE /* Icon-App-60x60@3x.png */; };
		D5839BC41F0454900013BEDE /* Icon-App-72x72@1x.png in Resources */ = {isa = PBXBuildFile; fileRef = D5839BAE1F0454900013BEDE /* Icon-App-72x72@1x.png */; };
		D5839BC51F0454900013BEDE /* Icon-App-72x72@2x.png in Resources */ = {isa = PBXBuildFile; fileRef = D5839BAF1F0454900013BEDE /* Icon-App-72x72@2x.png */; };
		D5839BC61F0454900013BEDE /* Icon-App-76x76@1x.png in Resources */ = {isa = PBXBuildFile; fileRef = D5839BB01F0454900013BEDE /* Icon-App-76x76@1x.png */; };
		D5839BC71F0454900013BEDE /* Icon-App-76x76@2x.png in Resources */ = {isa = PBXBuildFile; fileRef = D5839BB11F0454900013BEDE /* Icon-App-76x76@2x.png */; };
		D5839BC81F0454900013BEDE /* Icon-App-76x76@3x.png in Resources */ = {isa = PBXBuildFile; fileRef = D5839BB21F0454900013BEDE /* Icon-App-76x76@3x.png */; };
		D5839BC91F0454900013BEDE /* Icon-App-83.5x83.5@2x.png in Resources */ = {isa = PBXBuildFile; fileRef = D5839BB31F0454900013BEDE /* Icon-App-83.5x83.5@2x.png */; };
		D5839BCA1F0454900013BEDE /* Icon-Small-50x50@1x.png in Resources */ = {isa = PBXBuildFile; fileRef = D5839BB41F0454900013BEDE /* Icon-Small-50x50@1x.png */; };
		D5839BCB1F0454900013BEDE /* Icon-Small-50x50@2x.png in Resources */ = {isa = PBXBuildFile; fileRef = D5839BB51F0454900013BEDE /* Icon-Small-50x50@2x.png */; };
		D5839BCD1F055C270013BEDE /* Keyboard.swift in Sources */ = {isa = PBXBuildFile; fileRef = D5839BCC1F055C270013BEDE /* Keyboard.swift */; };
		D5839BCE1F055C270013BEDE /* Keyboard.swift in Sources */ = {isa = PBXBuildFile; fileRef = D5839BCC1F055C270013BEDE /* Keyboard.swift */; };
		D5839BD01F0560BF0013BEDE /* RoundedImages.swift in Sources */ = {isa = PBXBuildFile; fileRef = D5839BCF1F0560BF0013BEDE /* RoundedImages.swift */; };
		D5839BD11F0560BF0013BEDE /* RoundedImages.swift in Sources */ = {isa = PBXBuildFile; fileRef = D5839BCF1F0560BF0013BEDE /* RoundedImages.swift */; };
		D5839BD31F0561340013BEDE /* FriendsViewController.swift in Sources */ = {isa = PBXBuildFile; fileRef = D5839BD21F0561340013BEDE /* FriendsViewController.swift */; };
		D5839BD41F0561340013BEDE /* FriendsViewController.swift in Sources */ = {isa = PBXBuildFile; fileRef = D5839BD21F0561340013BEDE /* FriendsViewController.swift */; };
		D5839BD91F0566BA0013BEDE /* Friends.swift in Sources */ = {isa = PBXBuildFile; fileRef = D5839BD81F0566BA0013BEDE /* Friends.swift */; };
		D5839BDA1F0566BA0013BEDE /* Friends.swift in Sources */ = {isa = PBXBuildFile; fileRef = D5839BD81F0566BA0013BEDE /* Friends.swift */; };
		D5839BDC1F05679A0013BEDE /* FriendCollectionViewCell.swift in Sources */ = {isa = PBXBuildFile; fileRef = D5839BDB1F05679A0013BEDE /* FriendCollectionViewCell.swift */; };
		D5839BDD1F05679A0013BEDE /* FriendCollectionViewCell.swift in Sources */ = {isa = PBXBuildFile; fileRef = D5839BDB1F05679A0013BEDE /* FriendCollectionViewCell.swift */; };
		D5C370C31F02CB9F00BF697C /* Buttons.swift in Sources */ = {isa = PBXBuildFile; fileRef = D5C370C21F02CB9F00BF697C /* Buttons.swift */; };
		D5C370C51F02CD8000BF697C /* Border.swift in Sources */ = {isa = PBXBuildFile; fileRef = D5C370C41F02CD8000BF697C /* Border.swift */; };
		D5DC3CB21F06C2EA0065A16E /* Assets.xcassets in Resources */ = {isa = PBXBuildFile; fileRef = D5DC3CB11F06C2EA0065A16E /* Assets.xcassets */; };
/* End PBXBuildFile section */

/* Begin PBXContainerItemProxy section */
		D56ADC751F02100C00807D1F /* PBXContainerItemProxy */ = {
			isa = PBXContainerItemProxy;
			containerPortal = D56ADC581F02100B00807D1F /* Project object */;
			proxyType = 1;
			remoteGlobalIDString = D56ADC5F1F02100B00807D1F;
			remoteInfo = Squar3;
		};
/* End PBXContainerItemProxy section */

/* Begin PBXFileReference section */
		6C41C81D7BFCB3BC7A33D068 /* Pods-Squar3.debug.xcconfig */ = {isa = PBXFileReference; includeInIndex = 1; lastKnownFileType = text.xcconfig; name = "Pods-Squar3.debug.xcconfig"; path = "Pods/Target Support Files/Pods-Squar3/Pods-Squar3.debug.xcconfig"; sourceTree = "<group>"; };
		9EBA5BAA20A40633C7D03205 /* Pods_Squar3.framework */ = {isa = PBXFileReference; explicitFileType = wrapper.framework; includeInIndex = 0; path = Pods_Squar3.framework; sourceTree = BUILT_PRODUCTS_DIR; };
		D5197E001F05AFD900B22ECC /* DummyLaunchScreen.swift */ = {isa = PBXFileReference; fileEncoding = 4; lastKnownFileType = sourcecode.swift; path = DummyLaunchScreen.swift; sourceTree = "<group>"; };
		D56ADC601F02100B00807D1F /* Squar3.app */ = {isa = PBXFileReference; explicitFileType = wrapper.application; includeInIndex = 0; path = Squar3.app; sourceTree = BUILT_PRODUCTS_DIR; };
		D56ADC631F02100B00807D1F /* AppDelegate.swift */ = {isa = PBXFileReference; lastKnownFileType = sourcecode.swift; path = AppDelegate.swift; sourceTree = "<group>"; };
		D56ADC741F02100C00807D1F /* Squar3Tests.xctest */ = {isa = PBXFileReference; explicitFileType = wrapper.cfbundle; includeInIndex = 0; path = Squar3Tests.xctest; sourceTree = BUILT_PRODUCTS_DIR; };
		D56ADC781F02100C00807D1F /* Squar3Tests.swift */ = {isa = PBXFileReference; lastKnownFileType = sourcecode.swift; path = Squar3Tests.swift; sourceTree = "<group>"; };
		D56ADC7A1F02100C00807D1F /* Info.plist */ = {isa = PBXFileReference; lastKnownFileType = text.plist.xml; path = Info.plist; sourceTree = "<group>"; };
		D56ADC861F02107A00807D1F /* Base */ = {isa = PBXFileReference; lastKnownFileType = file.storyboard; name = Base; path = "../../../Library/Containers/com.apple.mail/Data/Library/Mail Downloads/02F30559-5849-4F08-875A-C95908D2DFF6/Base.lproj/LaunchScreen.storyboard"; sourceTree = "<group>"; };
		D56ADC881F02107A00807D1F /* Base */ = {isa = PBXFileReference; lastKnownFileType = file.storyboard; name = Base; path = "../../../Library/Containers/com.apple.mail/Data/Library/Mail Downloads/02F30559-5849-4F08-875A-C95908D2DFF6/Base.lproj/Main.storyboard"; sourceTree = "<group>"; };
		D56ADC8B1F02109F00807D1F /* Info.plist */ = {isa = PBXFileReference; fileEncoding = 4; lastKnownFileType = text.plist.xml; name = Info.plist; path = "../../../Library/Containers/com.apple.mail/Data/Library/Mail Downloads/0E05A2E7-7D41-4465-8012-B28FDCBCCDA3/Info.plist"; sourceTree = "<group>"; };
		D56ADC8D1F0210A300807D1F /* GoogleService-Info.plist */ = {isa = PBXFileReference; fileEncoding = 4; lastKnownFileType = text.plist.xml; name = "GoogleService-Info.plist"; path = "../../../Library/Containers/com.apple.mail/Data/Library/Mail Downloads/56620309-371A-4B88-B71C-F0EBBDEB909D/GoogleService-Info.plist"; sourceTree = "<group>"; };
		D56ADC8F1F0210A700807D1F /* BioViewController.swift */ = {isa = PBXFileReference; fileEncoding = 4; lastKnownFileType = sourcecode.swift; name = BioViewController.swift; path = "../../../Library/Containers/com.apple.mail/Data/Library/Mail Downloads/0494E855-C457-42A1-817D-80A5304D86B2/BioViewController.swift"; sourceTree = "<group>"; };
		D56ADC911F0210AB00807D1F /* Constants.swift */ = {isa = PBXFileReference; fileEncoding = 4; lastKnownFileType = sourcecode.swift; name = Constants.swift; path = "../../../Library/Containers/com.apple.mail/Data/Library/Mail Downloads/D82F168D-D01D-42A2-BB14-74218C2BE4F4/Constants.swift"; sourceTree = "<group>"; };
		D56ADC931F0210B000807D1F /* LoginScreenViewController.swift */ = {isa = PBXFileReference; fileEncoding = 4; lastKnownFileType = sourcecode.swift; name = LoginScreenViewController.swift; path = "../../../Library/Containers/com.apple.mail/Data/Library/Mail Downloads/347B0178-EF25-4316-8ACF-C5E0D1A2D1ED/LoginScreenViewController.swift"; sourceTree = "<group>"; };
		D56ADC951F0210B500807D1F /* SignUpViewController.swift */ = {isa = PBXFileReference; fileEncoding = 4; lastKnownFileType = sourcecode.swift; name = SignUpViewController.swift; path = "../../../Library/Containers/com.apple.mail/Data/Library/Mail Downloads/54ADF0C1-858A-4E02-B01F-0F6AB92AADE3/SignUpViewController.swift"; sourceTree = "<group>"; };
		D56ADC971F02110000807D1F /* ViewController.swift */ = {isa = PBXFileReference; fileEncoding = 4; lastKnownFileType = sourcecode.swift; name = ViewController.swift; path = ../../../Downloads/ViewController.swift; sourceTree = "<group>"; };
		D5839BA01F0454900013BEDE /* Icon-App-20x20@1x.png */ = {isa = PBXFileReference; lastKnownFileType = image.png; path = "Icon-App-20x20@1x.png"; sourceTree = "<group>"; };
		D5839BA11F0454900013BEDE /* Icon-App-20x20@2x.png */ = {isa = PBXFileReference; lastKnownFileType = image.png; path = "Icon-App-20x20@2x.png"; sourceTree = "<group>"; };
		D5839BA21F0454900013BEDE /* Icon-App-20x20@3x.png */ = {isa = PBXFileReference; lastKnownFileType = image.png; path = "Icon-App-20x20@3x.png"; sourceTree = "<group>"; };
		D5839BA31F0454900013BEDE /* Icon-App-29x29@1x.png */ = {isa = PBXFileReference; lastKnownFileType = image.png; path = "Icon-App-29x29@1x.png"; sourceTree = "<group>"; };
		D5839BA41F0454900013BEDE /* Icon-App-29x29@2x.png */ = {isa = PBXFileReference; lastKnownFileType = image.png; path = "Icon-App-29x29@2x.png"; sourceTree = "<group>"; };
		D5839BA51F0454900013BEDE /* Icon-App-29x29@3x.png */ = {isa = PBXFileReference; lastKnownFileType = image.png; path = "Icon-App-29x29@3x.png"; sourceTree = "<group>"; };
		D5839BA61F0454900013BEDE /* Icon-App-40x40@1x.png */ = {isa = PBXFileReference; lastKnownFileType = image.png; path = "Icon-App-40x40@1x.png"; sourceTree = "<group>"; };
		D5839BA71F0454900013BEDE /* Icon-App-40x40@2x.png */ = {isa = PBXFileReference; lastKnownFileType = image.png; path = "Icon-App-40x40@2x.png"; sourceTree = "<group>"; };
		D5839BA81F0454900013BEDE /* Icon-App-40x40@3x.png */ = {isa = PBXFileReference; lastKnownFileType = image.png; path = "Icon-App-40x40@3x.png"; sourceTree = "<group>"; };
		D5839BA91F0454900013BEDE /* Icon-App-57x57@1x.png */ = {isa = PBXFileReference; lastKnownFileType = image.png; path = "Icon-App-57x57@1x.png"; sourceTree = "<group>"; };
		D5839BAA1F0454900013BEDE /* Icon-App-57x57@2x.png */ = {isa = PBXFileReference; lastKnownFileType = image.png; path = "Icon-App-57x57@2x.png"; sourceTree = "<group>"; };
		D5839BAB1F0454900013BEDE /* Icon-App-60x60@1x.png */ = {isa = PBXFileReference; lastKnownFileType = image.png; path = "Icon-App-60x60@1x.png"; sourceTree = "<group>"; };
		D5839BAC1F0454900013BEDE /* Icon-App-60x60@2x.png */ = {isa = PBXFileReference; lastKnownFileType = image.png; path = "Icon-App-60x60@2x.png"; sourceTree = "<group>"; };
		D5839BAD1F0454900013BEDE /* Icon-App-60x60@3x.png */ = {isa = PBXFileReference; lastKnownFileType = image.png; path = "Icon-App-60x60@3x.png"; sourceTree = "<group>"; };
		D5839BAE1F0454900013BEDE /* Icon-App-72x72@1x.png */ = {isa = PBXFileReference; lastKnownFileType = image.png; path = "Icon-App-72x72@1x.png"; sourceTree = "<group>"; };
		D5839BAF1F0454900013BEDE /* Icon-App-72x72@2x.png */ = {isa = PBXFileReference; lastKnownFileType = image.png; path = "Icon-App-72x72@2x.png"; sourceTree = "<group>"; };
		D5839BB01F0454900013BEDE /* Icon-App-76x76@1x.png */ = {isa = PBXFileReference; lastKnownFileType = image.png; path = "Icon-App-76x76@1x.png"; sourceTree = "<group>"; };
		D5839BB11F0454900013BEDE /* Icon-App-76x76@2x.png */ = {isa = PBXFileReference; lastKnownFileType = image.png; path = "Icon-App-76x76@2x.png"; sourceTree = "<group>"; };
		D5839BB21F0454900013BEDE /* Icon-App-76x76@3x.png */ = {isa = PBXFileReference; lastKnownFileType = image.png; path = "Icon-App-76x76@3x.png"; sourceTree = "<group>"; };
		D5839BB31F0454900013BEDE /* Icon-App-83.5x83.5@2x.png */ = {isa = PBXFileReference; lastKnownFileType = image.png; path = "Icon-App-83.5x83.5@2x.png"; sourceTree = "<group>"; };
		D5839BB41F0454900013BEDE /* Icon-Small-50x50@1x.png */ = {isa = PBXFileReference; lastKnownFileType = image.png; path = "Icon-Small-50x50@1x.png"; sourceTree = "<group>"; };
		D5839BB51F0454900013BEDE /* Icon-Small-50x50@2x.png */ = {isa = PBXFileReference; lastKnownFileType = image.png; path = "Icon-Small-50x50@2x.png"; sourceTree = "<group>"; };
		D5839BCC1F055C270013BEDE /* Keyboard.swift */ = {isa = PBXFileReference; fileEncoding = 4; lastKnownFileType = sourcecode.swift; path = Keyboard.swift; sourceTree = "<group>"; };
		D5839BCF1F0560BF0013BEDE /* RoundedImages.swift */ = {isa = PBXFileReference; fileEncoding = 4; lastKnownFileType = sourcecode.swift; path = RoundedImages.swift; sourceTree = "<group>"; };
		D5839BD21F0561340013BEDE /* FriendsViewController.swift */ = {isa = PBXFileReference; fileEncoding = 4; lastKnownFileType = sourcecode.swift; path = FriendsViewController.swift; sourceTree = "<group>"; };
		D5839BD81F0566BA0013BEDE /* Friends.swift */ = {isa = PBXFileReference; fileEncoding = 4; lastKnownFileType = sourcecode.swift; path = Friends.swift; sourceTree = "<group>"; };
		D5839BDB1F05679A0013BEDE /* FriendCollectionViewCell.swift */ = {isa = PBXFileReference; fileEncoding = 4; lastKnownFileType = sourcecode.swift; path = FriendCollectionViewCell.swift; sourceTree = "<group>"; };
		D5C370C21F02CB9F00BF697C /* Buttons.swift */ = {isa = PBXFileReference; fileEncoding = 4; lastKnownFileType = sourcecode.swift; path = Buttons.swift; sourceTree = "<group>"; };
		D5C370C41F02CD8000BF697C /* Border.swift */ = {isa = PBXFileReference; fileEncoding = 4; lastKnownFileType = sourcecode.swift; path = Border.swift; sourceTree = "<group>"; };
		D5DC3CB11F06C2EA0065A16E /* Assets.xcassets */ = {isa = PBXFileReference; lastKnownFileType = folder.assetcatalog; name = Assets.xcassets; path = ../Assets.xcassets; sourceTree = "<group>"; };
		DE1A4C7815FD6BEC11714892 /* Pods-Squar3.release.xcconfig */ = {isa = PBXFileReference; includeInIndex = 1; lastKnownFileType = text.xcconfig; name = "Pods-Squar3.release.xcconfig"; path = "Pods/Target Support Files/Pods-Squar3/Pods-Squar3.release.xcconfig"; sourceTree = "<group>"; };
/* End PBXFileReference section */

/* Begin PBXFrameworksBuildPhase section */
		D56ADC5D1F02100B00807D1F /* Frameworks */ = {
			isa = PBXFrameworksBuildPhase;
			buildActionMask = 2147483647;
			files = (
				703E384A1899746DF5F5E18B /* Pods_Squar3.framework in Frameworks */,
			);
			runOnlyForDeploymentPostprocessing = 0;
		};
		D56ADC711F02100C00807D1F /* Frameworks */ = {
			isa = PBXFrameworksBuildPhase;
			buildActionMask = 2147483647;
			files = (
			);
			runOnlyForDeploymentPostprocessing = 0;
		};
/* End PBXFrameworksBuildPhase section */

/* Begin PBXGroup section */
		9CCFC75DA5CC6CAB40A5D3BC /* Pods */ = {
			isa = PBXGroup;
			children = (
				6C41C81D7BFCB3BC7A33D068 /* Pods-Squar3.debug.xcconfig */,
				DE1A4C7815FD6BEC11714892 /* Pods-Squar3.release.xcconfig */,
			);
			name = Pods;
			sourceTree = "<group>";
		};
		D044E19A80F270C30E286182 /* Frameworks */ = {
			isa = PBXGroup;
			children = (
				9EBA5BAA20A40633C7D03205 /* Pods_Squar3.framework */,
			);
			name = Frameworks;
			sourceTree = "<group>";
		};
		D56ADC571F02100B00807D1F = {
			isa = PBXGroup;
			children = (
				D56ADC621F02100B00807D1F /* Squar3 */,
				D56ADC771F02100C00807D1F /* Squar3Tests */,
				D56ADC611F02100B00807D1F /* Products */,
				9CCFC75DA5CC6CAB40A5D3BC /* Pods */,
				D044E19A80F270C30E286182 /* Frameworks */,
			);
			sourceTree = "<group>";
		};
		D56ADC611F02100B00807D1F /* Products */ = {
			isa = PBXGroup;
			children = (
				D56ADC601F02100B00807D1F /* Squar3.app */,
				D56ADC741F02100C00807D1F /* Squar3Tests.xctest */,
			);
			name = Products;
			sourceTree = "<group>";
		};
		D56ADC621F02100B00807D1F /* Squar3 */ = {
			isa = PBXGroup;
			children = (
				D5839B9F1F04547A0013BEDE /* Icons */,
				D5839B9C1F0410280013BEDE /* Extra */,
				D5839B9B1F0410210013BEDE /* Controller */,
				D5839B9A1F04101C0013BEDE /* View */,
				D5839B991F0410180013BEDE /* Model */,
				D5DC3CB11F06C2EA0065A16E /* Assets.xcassets */,
				D56ADC631F02100B00807D1F /* AppDelegate.swift */,
				D56ADC871F02107A00807D1F /* Main.storyboard */,
				D56ADC851F02107A00807D1F /* LaunchScreen.storyboard */,
				D56ADC8B1F02109F00807D1F /* Info.plist */,
				D56ADC8D1F0210A300807D1F /* GoogleService-Info.plist */,
			);
			path = Squar3;
			sourceTree = "<group>";
		};
		D56ADC771F02100C00807D1F /* Squar3Tests */ = {
			isa = PBXGroup;
			children = (
				D56ADC781F02100C00807D1F /* Squar3Tests.swift */,
				D56ADC7A1F02100C00807D1F /* Info.plist */,
			);
			path = Squar3Tests;
			sourceTree = "<group>";
		};
		D5839B991F0410180013BEDE /* Model */ = {
			isa = PBXGroup;
			children = (
				D5839BD81F0566BA0013BEDE /* Friends.swift */,
			);
			name = Model;
			sourceTree = "<group>";
		};
		D5839B9A1F04101C0013BEDE /* View */ = {
			isa = PBXGroup;
			children = (
				D5C370C41F02CD8000BF697C /* Border.swift */,
				D5C370C21F02CB9F00BF697C /* Buttons.swift */,
				D5839BCF1F0560BF0013BEDE /* RoundedImages.swift */,
				D5839BDB1F05679A0013BEDE /* FriendCollectionViewCell.swift */,
			);
			name = View;
			sourceTree = "<group>";
		};
		D5839B9B1F0410210013BEDE /* Controller */ = {
			isa = PBXGroup;
			children = (
				D56ADC8F1F0210A700807D1F /* BioViewController.swift */,
				D56ADC931F0210B000807D1F /* LoginScreenViewController.swift */,
				D56ADC951F0210B500807D1F /* SignUpViewController.swift */,
				D56ADC971F02110000807D1F /* ViewController.swift */,
				D5839BD21F0561340013BEDE /* FriendsViewController.swift */,
				D5197E001F05AFD900B22ECC /* DummyLaunchScreen.swift */,
			);
			name = Controller;
			sourceTree = "<group>";
		};
		D5839B9C1F0410280013BEDE /* Extra */ = {
			isa = PBXGroup;
			children = (
				D56ADC911F0210AB00807D1F /* Constants.swift */,
				D5839BCC1F055C270013BEDE /* Keyboard.swift */,
			);
			name = Extra;
			sourceTree = "<group>";
		};
		D5839B9F1F04547A0013BEDE /* Icons */ = {
			isa = PBXGroup;
			children = (
				D5839BA01F0454900013BEDE /* Icon-App-20x20@1x.png */,
				D5839BA11F0454900013BEDE /* Icon-App-20x20@2x.png */,
				D5839BA21F0454900013BEDE /* Icon-App-20x20@3x.png */,
				D5839BA31F0454900013BEDE /* Icon-App-29x29@1x.png */,
				D5839BA41F0454900013BEDE /* Icon-App-29x29@2x.png */,
				D5839BA51F0454900013BEDE /* Icon-App-29x29@3x.png */,
				D5839BA61F0454900013BEDE /* Icon-App-40x40@1x.png */,
				D5839BA71F0454900013BEDE /* Icon-App-40x40@2x.png */,
				D5839BA81F0454900013BEDE /* Icon-App-40x40@3x.png */,
				D5839BA91F0454900013BEDE /* Icon-App-57x57@1x.png */,
				D5839BAA1F0454900013BEDE /* Icon-App-57x57@2x.png */,
				D5839BAB1F0454900013BEDE /* Icon-App-60x60@1x.png */,
				D5839BAC1F0454900013BEDE /* Icon-App-60x60@2x.png */,
				D5839BAD1F0454900013BEDE /* Icon-App-60x60@3x.png */,
				D5839BAE1F0454900013BEDE /* Icon-App-72x72@1x.png */,
				D5839BAF1F0454900013BEDE /* Icon-App-72x72@2x.png */,
				D5839BB01F0454900013BEDE /* Icon-App-76x76@1x.png */,
				D5839BB11F0454900013BEDE /* Icon-App-76x76@2x.png */,
				D5839BB21F0454900013BEDE /* Icon-App-76x76@3x.png */,
				D5839BB31F0454900013BEDE /* Icon-App-83.5x83.5@2x.png */,
				D5839BB41F0454900013BEDE /* Icon-Small-50x50@1x.png */,
				D5839BB51F0454900013BEDE /* Icon-Small-50x50@2x.png */,
			);
			name = Icons;
			sourceTree = "<group>";
		};
/* End PBXGroup section */

/* Begin PBXNativeTarget section */
		D56ADC5F1F02100B00807D1F /* Squar3 */ = {
			isa = PBXNativeTarget;
			buildConfigurationList = D56ADC7D1F02100C00807D1F /* Build configuration list for PBXNativeTarget "Squar3" */;
			buildPhases = (
				F942989E45ED79CB39E01781 /* [CP] Check Pods Manifest.lock */,
				D56ADC5C1F02100B00807D1F /* Sources */,
				D56ADC5D1F02100B00807D1F /* Frameworks */,
				D56ADC5E1F02100B00807D1F /* Resources */,
				4C6B0925AC2DB1E17933DD2E /* [CP] Embed Pods Frameworks */,
				784AAACFA32324414A7A499F /* [CP] Copy Pods Resources */,
			);
			buildRules = (
			);
			dependencies = (
			);
			name = Squar3;
			productName = Squar3;
			productReference = D56ADC601F02100B00807D1F /* Squar3.app */;
			productType = "com.apple.product-type.application";
		};
		D56ADC731F02100C00807D1F /* Squar3Tests */ = {
			isa = PBXNativeTarget;
			buildConfigurationList = D56ADC801F02100C00807D1F /* Build configuration list for PBXNativeTarget "Squar3Tests" */;
			buildPhases = (
				D56ADC701F02100C00807D1F /* Sources */,
				D56ADC711F02100C00807D1F /* Frameworks */,
				D56ADC721F02100C00807D1F /* Resources */,
			);
			buildRules = (
			);
			dependencies = (
				D56ADC761F02100C00807D1F /* PBXTargetDependency */,
			);
			name = Squar3Tests;
			productName = Squar3Tests;
			productReference = D56ADC741F02100C00807D1F /* Squar3Tests.xctest */;
			productType = "com.apple.product-type.bundle.unit-test";
		};
/* End PBXNativeTarget section */

/* Begin PBXProject section */
		D56ADC581F02100B00807D1F /* Project object */ = {
			isa = PBXProject;
			attributes = {
				LastSwiftUpdateCheck = 0830;
				LastUpgradeCheck = 0830;
				ORGANIZATIONNAME = "TechLab Education";
				TargetAttributes = {
					D56ADC5F1F02100B00807D1F = {
						CreatedOnToolsVersion = 8.3.3;
						DevelopmentTeam = DKQFA7G679;
						ProvisioningStyle = Automatic;
					};
					D56ADC731F02100C00807D1F = {
						CreatedOnToolsVersion = 8.3.3;
						ProvisioningStyle = Automatic;
						TestTargetID = D56ADC5F1F02100B00807D1F;
					};
				};
			};
			buildConfigurationList = D56ADC5B1F02100B00807D1F /* Build configuration list for PBXProject "Squar3" */;
			compatibilityVersion = "Xcode 3.2";
			developmentRegion = English;
			hasScannedForEncodings = 0;
			knownRegions = (
				en,
				Base,
			);
			mainGroup = D56ADC571F02100B00807D1F;
			productRefGroup = D56ADC611F02100B00807D1F /* Products */;
			projectDirPath = "";
			projectRoot = "";
			targets = (
				D56ADC5F1F02100B00807D1F /* Squar3 */,
				D56ADC731F02100C00807D1F /* Squar3Tests */,
			);
		};
/* End PBXProject section */

/* Begin PBXResourcesBuildPhase section */
		D56ADC5E1F02100B00807D1F /* Resources */ = {
			isa = PBXResourcesBuildPhase;
			buildActionMask = 2147483647;
			files = (
				D5839BC71F0454900013BEDE /* Icon-App-76x76@2x.png in Resources */,
				D5839BC21F0454900013BEDE /* Icon-App-60x60@2x.png in Resources */,
				D5839BBA1F0454900013BEDE /* Icon-App-29x29@2x.png in Resources */,
				D5839BC11F0454900013BEDE /* Icon-App-60x60@1x.png in Resources */,
				D5839BC91F0454900013BEDE /* Icon-App-83.5x83.5@2x.png in Resources */,
				D56ADC8C1F02109F00807D1F /* Info.plist in Resources */,
				D5839BBF1F0454900013BEDE /* Icon-App-57x57@1x.png in Resources */,
				D5839BB71F0454900013BEDE /* Icon-App-20x20@2x.png in Resources */,
				D56ADC8A1F02107A00807D1F /* Main.storyboard in Resources */,
				D5839BC41F0454900013BEDE /* Icon-App-72x72@1x.png in Resources */,
				D5839BBB1F0454900013BEDE /* Icon-App-29x29@3x.png in Resources */,
				D5839BC31F0454900013BEDE /* Icon-App-60x60@3x.png in Resources */,
				D5839BC01F0454900013BEDE /* Icon-App-57x57@2x.png in Resources */,
				D5839BB81F0454900013BEDE /* Icon-App-20x20@3x.png in Resources */,
				D56ADC8E1F0210A300807D1F /* GoogleService-Info.plist in Resources */,
				D5839BCA1F0454900013BEDE /* Icon-Small-50x50@1x.png in Resources */,
				D5839BC51F0454900013BEDE /* Icon-App-72x72@2x.png in Resources */,
				D56ADC891F02107A00807D1F /* LaunchScreen.storyboard in Resources */,
				D5839BC81F0454900013BEDE /* Icon-App-76x76@3x.png in Resources */,
				D5839BBC1F0454900013BEDE /* Icon-App-40x40@1x.png in Resources */,
				D5839BC61F0454900013BEDE /* Icon-App-76x76@1x.png in Resources */,
				D5839BB61F0454900013BEDE /* Icon-App-20x20@1x.png in Resources */,
				D5839BBE1F0454900013BEDE /* Icon-App-40x40@3x.png in Resources */,
				D5839BBD1F0454900013BEDE /* Icon-App-40x40@2x.png in Resources */,
				D5839BB91F0454900013BEDE /* Icon-App-29x29@1x.png in Resources */,
				D5DC3CB21F06C2EA0065A16E /* Assets.xcassets in Resources */,
				D5839BCB1F0454900013BEDE /* Icon-Small-50x50@2x.png in Resources */,
			);
			runOnlyForDeploymentPostprocessing = 0;
		};
		D56ADC721F02100C00807D1F /* Resources */ = {
			isa = PBXResourcesBuildPhase;
			buildActionMask = 2147483647;
			files = (
			);
			runOnlyForDeploymentPostprocessing = 0;
		};
/* End PBXResourcesBuildPhase section */

/* Begin PBXShellScriptBuildPhase section */
		4C6B0925AC2DB1E17933DD2E /* [CP] Embed Pods Frameworks */ = {
			isa = PBXShellScriptBuildPhase;
			buildActionMask = 2147483647;
			files = (
			);
			inputPaths = (
			);
			name = "[CP] Embed Pods Frameworks";
			outputPaths = (
			);
			runOnlyForDeploymentPostprocessing = 0;
			shellPath = /bin/sh;
			shellScript = "\"${SRCROOT}/Pods/Target Support Files/Pods-Squar3/Pods-Squar3-frameworks.sh\"\n";
			showEnvVarsInLog = 0;
		};
		784AAACFA32324414A7A499F /* [CP] Copy Pods Resources */ = {
			isa = PBXShellScriptBuildPhase;
			buildActionMask = 2147483647;
			files = (
			);
			inputPaths = (
			);
			name = "[CP] Copy Pods Resources";
			outputPaths = (
			);
			runOnlyForDeploymentPostprocessing = 0;
			shellPath = /bin/sh;
			shellScript = "\"${SRCROOT}/Pods/Target Support Files/Pods-Squar3/Pods-Squar3-resources.sh\"\n";
			showEnvVarsInLog = 0;
		};
		F942989E45ED79CB39E01781 /* [CP] Check Pods Manifest.lock */ = {
			isa = PBXShellScriptBuildPhase;
			buildActionMask = 2147483647;
			files = (
			);
			inputPaths = (
			);
			name = "[CP] Check Pods Manifest.lock";
			outputPaths = (
			);
			runOnlyForDeploymentPostprocessing = 0;
			shellPath = /bin/sh;
			shellScript = "diff \"${PODS_ROOT}/../Podfile.lock\" \"${PODS_ROOT}/Manifest.lock\" > /dev/null\nif [ $? != 0 ] ; then\n    # print error to STDERR\n    echo \"error: The sandbox is not in sync with the Podfile.lock. Run 'pod install' or update your CocoaPods installation.\" >&2\n    exit 1\nfi\n";
			showEnvVarsInLog = 0;
		};
/* End PBXShellScriptBuildPhase section */

/* Begin PBXSourcesBuildPhase section */
		D56ADC5C1F02100B00807D1F /* Sources */ = {
			isa = PBXSourcesBuildPhase;
			buildActionMask = 2147483647;
			files = (
				D5C370C31F02CB9F00BF697C /* Buttons.swift in Sources */,
				D56ADC981F02110000807D1F /* ViewController.swift in Sources */,
				D56ADC961F0210B500807D1F /* SignUpViewController.swift in Sources */,
				D56ADC641F02100B00807D1F /* AppDelegate.swift in Sources */,
				D5839BCD1F055C270013BEDE /* Keyboard.swift in Sources */,
				D5839BD01F0560BF0013BEDE /* RoundedImages.swift in Sources */,
				D5839BD31F0561340013BEDE /* FriendsViewController.swift in Sources */,
				D5839BD91F0566BA0013BEDE /* Friends.swift in Sources */,
				D56ADC901F0210A700807D1F /* BioViewController.swift in Sources */,
				D5197E011F05AFD900B22ECC /* DummyLaunchScreen.swift in Sources */,
				D5C370C51F02CD8000BF697C /* Border.swift in Sources */,
				D56ADC941F0210B000807D1F /* LoginScreenViewController.swift in Sources */,
				D56ADC921F0210AB00807D1F /* Constants.swift in Sources */,
				D5839BDC1F05679A0013BEDE /* FriendCollectionViewCell.swift in Sources */,
			);
			runOnlyForDeploymentPostprocessing = 0;
		};
		D56ADC701F02100C00807D1F /* Sources */ = {
			isa = PBXSourcesBuildPhase;
			buildActionMask = 2147483647;
			files = (
				D5839BDD1F05679A0013BEDE /* FriendCollectionViewCell.swift in Sources */,
				D5839BD41F0561340013BEDE /* FriendsViewController.swift in Sources */,
				D5839BCE1F055C270013BEDE /* Keyboard.swift in Sources */,
				D5839BD11F0560BF0013BEDE /* RoundedImages.swift in Sources */,
				D5839BDA1F0566BA0013BEDE /* Friends.swift in Sources */,
				D56ADC791F02100C00807D1F /* Squar3Tests.swift in Sources */,
			);
			runOnlyForDeploymentPostprocessing = 0;
		};
/* End PBXSourcesBuildPhase section */

/* Begin PBXTargetDependency section */
		D56ADC761F02100C00807D1F /* PBXTargetDependency */ = {
			isa = PBXTargetDependency;
			target = D56ADC5F1F02100B00807D1F /* Squar3 */;
			targetProxy = D56ADC751F02100C00807D1F /* PBXContainerItemProxy */;
		};
/* End PBXTargetDependency section */

/* Begin PBXVariantGroup section */
		D56ADC851F02107A00807D1F /* LaunchScreen.storyboard */ = {
			isa = PBXVariantGroup;
			children = (
				D56ADC861F02107A00807D1F /* Base */,
			);
			name = LaunchScreen.storyboard;
			sourceTree = "<group>";
		};
		D56ADC871F02107A00807D1F /* Main.storyboard */ = {
			isa = PBXVariantGroup;
			children = (
				D56ADC881F02107A00807D1F /* Base */,
			);
			name = Main.storyboard;
			sourceTree = "<group>";
		};
/* End PBXVariantGroup section */

/* Begin XCBuildConfiguration section */
		D56ADC7B1F02100C00807D1F /* Debug */ = {
			isa = XCBuildConfiguration;
			buildSettings = {
				ALWAYS_SEARCH_USER_PATHS = NO;
				CLANG_ANALYZER_NONNULL = YES;
				CLANG_ANALYZER_NUMBER_OBJECT_CONVERSION = YES_AGGRESSIVE;
				CLANG_CXX_LANGUAGE_STANDARD = "gnu++0x";
				CLANG_CXX_LIBRARY = "libc++";
				CLANG_ENABLE_MODULES = YES;
				CLANG_ENABLE_OBJC_ARC = YES;
				CLANG_WARN_BOOL_CONVERSION = YES;
				CLANG_WARN_CONSTANT_CONVERSION = YES;
				CLANG_WARN_DIRECT_OBJC_ISA_USAGE = YES_ERROR;
				CLANG_WARN_DOCUMENTATION_COMMENTS = YES;
				CLANG_WARN_EMPTY_BODY = YES;
				CLANG_WARN_ENUM_CONVERSION = YES;
				CLANG_WARN_INFINITE_RECURSION = YES;
				CLANG_WARN_INT_CONVERSION = YES;
				CLANG_WARN_OBJC_ROOT_CLASS = YES_ERROR;
				CLANG_WARN_SUSPICIOUS_MOVE = YES;
				CLANG_WARN_UNREACHABLE_CODE = YES;
				CLANG_WARN__DUPLICATE_METHOD_MATCH = YES;
				"CODE_SIGN_IDENTITY[sdk=iphoneos*]" = "iPhone Developer";
				COPY_PHASE_STRIP = NO;
				DEBUG_INFORMATION_FORMAT = dwarf;
				ENABLE_STRICT_OBJC_MSGSEND = YES;
				ENABLE_TESTABILITY = YES;
				GCC_C_LANGUAGE_STANDARD = gnu99;
				GCC_DYNAMIC_NO_PIC = NO;
				GCC_NO_COMMON_BLOCKS = YES;
				GCC_OPTIMIZATION_LEVEL = 0;
				GCC_PREPROCESSOR_DEFINITIONS = (
					"DEBUG=1",
					"$(inherited)",
				);
				GCC_WARN_64_TO_32_BIT_CONVERSION = YES;
				GCC_WARN_ABOUT_RETURN_TYPE = YES_ERROR;
				GCC_WARN_UNDECLARED_SELECTOR = YES;
				GCC_WARN_UNINITIALIZED_AUTOS = YES_AGGRESSIVE;
				GCC_WARN_UNUSED_FUNCTION = YES;
				GCC_WARN_UNUSED_VARIABLE = YES;
				IPHONEOS_DEPLOYMENT_TARGET = 10.3;
				MTL_ENABLE_DEBUG_INFO = YES;
				ONLY_ACTIVE_ARCH = YES;
				SDKROOT = iphoneos;
				SWIFT_ACTIVE_COMPILATION_CONDITIONS = DEBUG;
				SWIFT_OPTIMIZATION_LEVEL = "-Onone";
			};
			name = Debug;
		};
		D56ADC7C1F02100C00807D1F /* Release */ = {
			isa = XCBuildConfiguration;
			buildSettings = {
				ALWAYS_SEARCH_USER_PATHS = NO;
				CLANG_ANALYZER_NONNULL = YES;
				CLANG_ANALYZER_NUMBER_OBJECT_CONVERSION = YES_AGGRESSIVE;
				CLANG_CXX_LANGUAGE_STANDARD = "gnu++0x";
				CLANG_CXX_LIBRARY = "libc++";
				CLANG_ENABLE_MODULES = YES;
				CLANG_ENABLE_OBJC_ARC = YES;
				CLANG_WARN_BOOL_CONVERSION = YES;
				CLANG_WARN_CONSTANT_CONVERSION = YES;
				CLANG_WARN_DIRECT_OBJC_ISA_USAGE = YES_ERROR;
				CLANG_WARN_DOCUMENTATION_COMMENTS = YES;
				CLANG_WARN_EMPTY_BODY = YES;
				CLANG_WARN_ENUM_CONVERSION = YES;
				CLANG_WARN_INFINITE_RECURSION = YES;
				CLANG_WARN_INT_CONVERSION = YES;
				CLANG_WARN_OBJC_ROOT_CLASS = YES_ERROR;
				CLANG_WARN_SUSPICIOUS_MOVE = YES;
				CLANG_WARN_UNREACHABLE_CODE = YES;
				CLANG_WARN__DUPLICATE_METHOD_MATCH = YES;
				"CODE_SIGN_IDENTITY[sdk=iphoneos*]" = "iPhone Developer";
				COPY_PHASE_STRIP = NO;
				DEBUG_INFORMATION_FORMAT = "dwarf-with-dsym";
				ENABLE_NS_ASSERTIONS = NO;
				ENABLE_STRICT_OBJC_MSGSEND = YES;
				GCC_C_LANGUAGE_STANDARD = gnu99;
				GCC_NO_COMMON_BLOCKS = YES;
				GCC_WARN_64_TO_32_BIT_CONVERSION = YES;
				GCC_WARN_ABOUT_RETURN_TYPE = YES_ERROR;
				GCC_WARN_UNDECLARED_SELECTOR = YES;
				GCC_WARN_UNINITIALIZED_AUTOS = YES_AGGRESSIVE;
				GCC_WARN_UNUSED_FUNCTION = YES;
				GCC_WARN_UNUSED_VARIABLE = YES;
				IPHONEOS_DEPLOYMENT_TARGET = 10.3;
				MTL_ENABLE_DEBUG_INFO = NO;
				SDKROOT = iphoneos;
				SWIFT_OPTIMIZATION_LEVEL = "-Owholemodule";
				VALIDATE_PRODUCT = YES;
			};
			name = Release;
		};
		D56ADC7E1F02100C00807D1F /* Debug */ = {
			isa = XCBuildConfiguration;
			baseConfigurationReference = 6C41C81D7BFCB3BC7A33D068 /* Pods-Squar3.debug.xcconfig */;
			buildSettings = {
				ASSETCATALOG_COMPILER_APPICON_NAME = AppIcon;
				DEVELOPMENT_TEAM = DKQFA7G679;
				INFOPLIST_FILE = Squar3/Info.plist;
				IPHONEOS_DEPLOYMENT_TARGET = 10.0;
				LD_RUNPATH_SEARCH_PATHS = "$(inherited) @executable_path/Frameworks";
				PRODUCT_BUNDLE_IDENTIFIER = com.Ryan.Squar3;
				PRODUCT_NAME = "$(TARGET_NAME)";
				SWIFT_VERSION = 3.0;
			};
			name = Debug;
		};
		D56ADC7F1F02100C00807D1F /* Release */ = {
			isa = XCBuildConfiguration;
			baseConfigurationReference = DE1A4C7815FD6BEC11714892 /* Pods-Squar3.release.xcconfig */;
			buildSettings = {
				ASSETCATALOG_COMPILER_APPICON_NAME = AppIcon;
				DEVELOPMENT_TEAM = DKQFA7G679;
				INFOPLIST_FILE = Squar3/Info.plist;
				IPHONEOS_DEPLOYMENT_TARGET = 10.0;
				LD_RUNPATH_SEARCH_PATHS = "$(inherited) @executable_path/Frameworks";
				PRODUCT_BUNDLE_IDENTIFIER = com.Ryan.Squar3;
				PRODUCT_NAME = "$(TARGET_NAME)";
				SWIFT_VERSION = 3.0;
			};
			name = Release;
		};
		D56ADC811F02100C00807D1F /* Debug */ = {
			isa = XCBuildConfiguration;
			buildSettings = {
				ALWAYS_EMBED_SWIFT_STANDARD_LIBRARIES = YES;
				BUNDLE_LOADER = "$(TEST_HOST)";
				INFOPLIST_FILE = Squar3Tests/Info.plist;
				LD_RUNPATH_SEARCH_PATHS = "$(inherited) @executable_path/Frameworks @loader_path/Frameworks";
				PRODUCT_BUNDLE_IDENTIFIER = Ryan.Squar3Tests;
				PRODUCT_NAME = "$(TARGET_NAME)";
				SWIFT_VERSION = 3.0;
				TEST_HOST = "$(BUILT_PRODUCTS_DIR)/Squar3.app/Squar3";
			};
			name = Debug;
		};
		D56ADC821F02100C00807D1F /* Release */ = {
			isa = XCBuildConfiguration;
			buildSettings = {
				ALWAYS_EMBED_SWIFT_STANDARD_LIBRARIES = YES;
				BUNDLE_LOADER = "$(TEST_HOST)";
				INFOPLIST_FILE = Squar3Tests/Info.plist;
				LD_RUNPATH_SEARCH_PATHS = "$(inherited) @executable_path/Frameworks @loader_path/Frameworks";
				PRODUCT_BUNDLE_IDENTIFIER = Ryan.Squar3Tests;
				PRODUCT_NAME = "$(TARGET_NAME)";
				SWIFT_VERSION = 3.0;
				TEST_HOST = "$(BUILT_PRODUCTS_DIR)/Squar3.app/Squar3";
			};
			name = Release;
		};
/* End XCBuildConfiguration section */

/* Begin XCConfigurationList section */
		D56ADC5B1F02100B00807D1F /* Build configuration list for PBXProject "Squar3" */ = {
			isa = XCConfigurationList;
			buildConfigurations = (
				D56ADC7B1F02100C00807D1F /* Debug */,
				D56ADC7C1F02100C00807D1F /* Release */,
			);
			defaultConfigurationIsVisible = 0;
			defaultConfigurationName = Release;
		};
		D56ADC7D1F02100C00807D1F /* Build configuration list for PBXNativeTarget "Squar3" */ = {
			isa = XCConfigurationList;
			buildConfigurations = (
				D56ADC7E1F02100C00807D1F /* Debug */,
				D56ADC7F1F02100C00807D1F /* Release */,
			);
			defaultConfigurationIsVisible = 0;
			defaultConfigurationName = Release;
		};
		D56ADC801F02100C00807D1F /* Build configuration list for PBXNativeTarget "Squar3Tests" */ = {
			isa = XCConfigurationList;
			buildConfigurations = (
				D56ADC811F02100C00807D1F /* Debug */,
				D56ADC821F02100C00807D1F /* Release */,
			);
			defaultConfigurationIsVisible = 0;
			defaultConfigurationName = Release;
		};
/* End XCConfigurationList section */
	};
	rootObject = D56ADC581F02100B00807D1F /* Project object */;
}
